// !$*UTF8*$!
{
	archiveVersion = 1;
	classes = {
	};
	objectVersion = 50;
	objects = {

/* Begin PBXBuildFile section */
		02D90D2630C14E708E390EB4 /* Pods_TheDemo.framework in Frameworks */ = {isa = PBXBuildFile; fileRef = 4B663FBBE4D7711EDAF0C454 /* Pods_TheDemo.framework */; };
		1E1ED19A22917F73000DBB06 /* ProductResponse.swift in Sources */ = {isa = PBXBuildFile; fileRef = 1E1ED19922917F73000DBB06 /* ProductResponse.swift */; };
		1E1ED19C2291815A000DBB06 /* Product.swift in Sources */ = {isa = PBXBuildFile; fileRef = 1E1ED19B2291815A000DBB06 /* Product.swift */; };
		1E1ED19E22918165000DBB06 /* Image.swift in Sources */ = {isa = PBXBuildFile; fileRef = 1E1ED19D22918165000DBB06 /* Image.swift */; };
		1EE4E4A6228F9DF0009EDDFA /* AppDelegate.swift in Sources */ = {isa = PBXBuildFile; fileRef = 1EE4E4A5228F9DF0009EDDFA /* AppDelegate.swift */; };
		1EE4E4A8228F9DF0009EDDFA /* ProductsVC.swift in Sources */ = {isa = PBXBuildFile; fileRef = 1EE4E4A7228F9DF0009EDDFA /* ProductsVC.swift */; };
		1EE4E4AB228F9DF0009EDDFA /* Main.storyboard in Resources */ = {isa = PBXBuildFile; fileRef = 1EE4E4A9228F9DF0009EDDFA /* Main.storyboard */; };
		1EE4E4AD228F9DF2009EDDFA /* Assets.xcassets in Resources */ = {isa = PBXBuildFile; fileRef = 1EE4E4AC228F9DF2009EDDFA /* Assets.xcassets */; };
		1EE4E4B0228F9DF2009EDDFA /* LaunchScreen.storyboard in Resources */ = {isa = PBXBuildFile; fileRef = 1EE4E4AE228F9DF2009EDDFA /* LaunchScreen.storyboard */; };
		1EE4E4BE228FA5EE009EDDFA /* ColorAssets.xcassets in Resources */ = {isa = PBXBuildFile; fileRef = 1EE4E4BD228FA5EE009EDDFA /* ColorAssets.xcassets */; };
		1EE4E4C3228FA610009EDDFA /* StoryboardSegues.swift in Sources */ = {isa = PBXBuildFile; fileRef = 1EE4E4C0228FA610009EDDFA /* StoryboardSegues.swift */; };
		1EE4E4C4228FA610009EDDFA /* Assets.swift in Sources */ = {isa = PBXBuildFile; fileRef = 1EE4E4C1228FA610009EDDFA /* Assets.swift */; };
		1EE4E4C5228FA610009EDDFA /* StoryboardScenes.swift in Sources */ = {isa = PBXBuildFile; fileRef = 1EE4E4C2228FA610009EDDFA /* StoryboardScenes.swift */; };
		1EFAA62A2291739F00BC2C2F /* APIRouter.swift in Sources */ = {isa = PBXBuildFile; fileRef = 1EFAA6292291739F00BC2C2F /* APIRouter.swift */; };
/* End PBXBuildFile section */

/* Begin PBXFileReference section */
		1E1ED19922917F73000DBB06 /* ProductResponse.swift */ = {isa = PBXFileReference; lastKnownFileType = sourcecode.swift; path = ProductResponse.swift; sourceTree = "<group>"; };
		1E1ED19B2291815A000DBB06 /* Product.swift */ = {isa = PBXFileReference; lastKnownFileType = sourcecode.swift; path = Product.swift; sourceTree = "<group>"; };
		1E1ED19D22918165000DBB06 /* Image.swift */ = {isa = PBXFileReference; lastKnownFileType = sourcecode.swift; path = Image.swift; sourceTree = "<group>"; };
		1EE4E4A2228F9DF0009EDDFA /* TheDemo.app */ = {isa = PBXFileReference; explicitFileType = wrapper.application; includeInIndex = 0; path = TheDemo.app; sourceTree = BUILT_PRODUCTS_DIR; };
		1EE4E4A5228F9DF0009EDDFA /* AppDelegate.swift */ = {isa = PBXFileReference; lastKnownFileType = sourcecode.swift; path = AppDelegate.swift; sourceTree = "<group>"; };
		1EE4E4A7228F9DF0009EDDFA /* ProductsVC.swift */ = {isa = PBXFileReference; lastKnownFileType = sourcecode.swift; path = ProductsVC.swift; sourceTree = "<group>"; };
		1EE4E4AA228F9DF0009EDDFA /* Base */ = {isa = PBXFileReference; lastKnownFileType = file.storyboard; name = Base; path = Base.lproj/Main.storyboard; sourceTree = "<group>"; };
		1EE4E4AC228F9DF2009EDDFA /* Assets.xcassets */ = {isa = PBXFileReference; lastKnownFileType = folder.assetcatalog; path = Assets.xcassets; sourceTree = "<group>"; };
		1EE4E4AF228F9DF2009EDDFA /* Base */ = {isa = PBXFileReference; lastKnownFileType = file.storyboard; name = Base; path = Base.lproj/LaunchScreen.storyboard; sourceTree = "<group>"; };
		1EE4E4B1228F9DF2009EDDFA /* Info.plist */ = {isa = PBXFileReference; lastKnownFileType = text.plist.xml; path = Info.plist; sourceTree = "<group>"; };
		1EE4E4BD228FA5EE009EDDFA /* ColorAssets.xcassets */ = {isa = PBXFileReference; lastKnownFileType = folder.assetcatalog; path = ColorAssets.xcassets; sourceTree = "<group>"; };
		1EE4E4C0228FA610009EDDFA /* StoryboardSegues.swift */ = {isa = PBXFileReference; fileEncoding = 4; lastKnownFileType = sourcecode.swift; path = StoryboardSegues.swift; sourceTree = "<group>"; };
		1EE4E4C1228FA610009EDDFA /* Assets.swift */ = {isa = PBXFileReference; fileEncoding = 4; lastKnownFileType = sourcecode.swift; path = Assets.swift; sourceTree = "<group>"; };
		1EE4E4C2228FA610009EDDFA /* StoryboardScenes.swift */ = {isa = PBXFileReference; fileEncoding = 4; lastKnownFileType = sourcecode.swift; path = StoryboardScenes.swift; sourceTree = "<group>"; };
		1EFAA6292291739F00BC2C2F /* APIRouter.swift */ = {isa = PBXFileReference; lastKnownFileType = sourcecode.swift; path = APIRouter.swift; sourceTree = "<group>"; };
		493B65714D9A86A3D5E3795F /* Pods-TheDemo.release.xcconfig */ = {isa = PBXFileReference; includeInIndex = 1; lastKnownFileType = text.xcconfig; name = "Pods-TheDemo.release.xcconfig"; path = "Target Support Files/Pods-TheDemo/Pods-TheDemo.release.xcconfig"; sourceTree = "<group>"; };
		4B663FBBE4D7711EDAF0C454 /* Pods_TheDemo.framework */ = {isa = PBXFileReference; explicitFileType = wrapper.framework; includeInIndex = 0; path = Pods_TheDemo.framework; sourceTree = BUILT_PRODUCTS_DIR; };
		F03EE36A0D46001BC642B347 /* Pods-TheDemo.debug.xcconfig */ = {isa = PBXFileReference; includeInIndex = 1; lastKnownFileType = text.xcconfig; name = "Pods-TheDemo.debug.xcconfig"; path = "Target Support Files/Pods-TheDemo/Pods-TheDemo.debug.xcconfig"; sourceTree = "<group>"; };
/* End PBXFileReference section */

/* Begin PBXFrameworksBuildPhase section */
		1EE4E49F228F9DF0009EDDFA /* Frameworks */ = {
			isa = PBXFrameworksBuildPhase;
			buildActionMask = 2147483647;
			files = (
				02D90D2630C14E708E390EB4 /* Pods_TheDemo.framework in Frameworks */,
			);
			runOnlyForDeploymentPostprocessing = 0;
		};
/* End PBXFrameworksBuildPhase section */

/* Begin PBXGroup section */
		1EE4E499228F9DEF009EDDFA = {
			isa = PBXGroup;
			children = (
				1EE4E4A4228F9DF0009EDDFA /* TheDemo */,
				1EE4E4A3228F9DF0009EDDFA /* Products */,
				9BF1B49CEDC4FB00966A1F2F /* Pods */,
				AC0436F55438BCF3577E0219 /* Frameworks */,
			);
			sourceTree = "<group>";
		};
		1EE4E4A3228F9DF0009EDDFA /* Products */ = {
			isa = PBXGroup;
			children = (
				1EE4E4A2228F9DF0009EDDFA /* TheDemo.app */,
			);
			name = Products;
			sourceTree = "<group>";
		};
		1EE4E4A4228F9DF0009EDDFA /* TheDemo */ = {
			isa = PBXGroup;
			children = (
				1EFAA6282291738800BC2C2F /* Service */,
				1EE4E4BF228FA610009EDDFA /* Generated */,
				1EE4E4B9228FA46C009EDDFA /* Controller */,
				1EE4E4B8228FA466009EDDFA /* View */,
				1EE4E4B7228FA45A009EDDFA /* Model */,
				1EE4E4A5228F9DF0009EDDFA /* AppDelegate.swift */,
				1EE4E4A9228F9DF0009EDDFA /* Main.storyboard */,
				1EE4E4AC228F9DF2009EDDFA /* Assets.xcassets */,
				1EE4E4BD228FA5EE009EDDFA /* ColorAssets.xcassets */,
				1EE4E4AE228F9DF2009EDDFA /* LaunchScreen.storyboard */,
				1EE4E4B1228F9DF2009EDDFA /* Info.plist */,
			);
			path = TheDemo;
			sourceTree = "<group>";
		};
		1EE4E4B7228FA45A009EDDFA /* Model */ = {
			isa = PBXGroup;
			children = (
				1E1ED19922917F73000DBB06 /* ProductResponse.swift */,
				1E1ED19B2291815A000DBB06 /* Product.swift */,
				1E1ED19D22918165000DBB06 /* Image.swift */,
			);
			path = Model;
			sourceTree = "<group>";
		};
		1EE4E4B8228FA466009EDDFA /* View */ = {
			isa = PBXGroup;
			children = (
			);
			path = View;
			sourceTree = "<group>";
		};
		1EE4E4B9228FA46C009EDDFA /* Controller */ = {
			isa = PBXGroup;
			children = (
				1EE4E4A7228F9DF0009EDDFA /* ProductsVC.swift */,
			);
			path = Controller;
			sourceTree = "<group>";
		};
		1EE4E4BF228FA610009EDDFA /* Generated */ = {
			isa = PBXGroup;
			children = (
				1EE4E4C0228FA610009EDDFA /* StoryboardSegues.swift */,
				1EE4E4C1228FA610009EDDFA /* Assets.swift */,
				1EE4E4C2228FA610009EDDFA /* StoryboardScenes.swift */,
			);
			path = Generated;
			sourceTree = "<group>";
		};
		1EFAA6282291738800BC2C2F /* Service */ = {
			isa = PBXGroup;
			children = (
				1EFAA6292291739F00BC2C2F /* APIRouter.swift */,
			);
			path = Service;
			sourceTree = "<group>";
		};
		9BF1B49CEDC4FB00966A1F2F /* Pods */ = {
			isa = PBXGroup;
			children = (
				F03EE36A0D46001BC642B347 /* Pods-TheDemo.debug.xcconfig */,
				493B65714D9A86A3D5E3795F /* Pods-TheDemo.release.xcconfig */,
			);
			path = Pods;
			sourceTree = "<group>";
		};
		AC0436F55438BCF3577E0219 /* Frameworks */ = {
			isa = PBXGroup;
			children = (
				4B663FBBE4D7711EDAF0C454 /* Pods_TheDemo.framework */,
			);
			name = Frameworks;
			sourceTree = "<group>";
		};
/* End PBXGroup section */

/* Begin PBXNativeTarget section */
		1EE4E4A1228F9DF0009EDDFA /* TheDemo */ = {
			isa = PBXNativeTarget;
			buildConfigurationList = 1EE4E4B4228F9DF2009EDDFA /* Build configuration list for PBXNativeTarget "TheDemo" */;
			buildPhases = (
				A5154CEBB4C579F90FC40A20 /* [CP] Check Pods Manifest.lock */,
				1EE4E49E228F9DF0009EDDFA /* Sources */,
				1EE4E49F228F9DF0009EDDFA /* Frameworks */,
				1EE4E4A0228F9DF0009EDDFA /* Resources */,
				6065641CABA91EE0CAD4D1A3 /* [CP] Embed Pods Frameworks */,
				1EE4E4BC228FA58F009EDDFA /* Run Script */,
			);
			buildRules = (
			);
			dependencies = (
			);
			name = TheDemo;
			productName = TheDemo;
			productReference = 1EE4E4A2228F9DF0009EDDFA /* TheDemo.app */;
			productType = "com.apple.product-type.application";
		};
/* End PBXNativeTarget section */

/* Begin PBXProject section */
		1EE4E49A228F9DEF009EDDFA /* Project object */ = {
			isa = PBXProject;
			attributes = {
				LastSwiftUpdateCheck = 1020;
				LastUpgradeCheck = 1020;
				ORGANIZATIONNAME = TheD;
				TargetAttributes = {
					1EE4E4A1228F9DF0009EDDFA = {
						CreatedOnToolsVersion = 10.2;
					};
				};
			};
			buildConfigurationList = 1EE4E49D228F9DEF009EDDFA /* Build configuration list for PBXProject "TheDemo" */;
			compatibilityVersion = "Xcode 9.3";
			developmentRegion = en;
			hasScannedForEncodings = 0;
			knownRegions = (
				en,
				Base,
			);
			mainGroup = 1EE4E499228F9DEF009EDDFA;
			productRefGroup = 1EE4E4A3228F9DF0009EDDFA /* Products */;
			projectDirPath = "";
			projectRoot = "";
			targets = (
				1EE4E4A1228F9DF0009EDDFA /* TheDemo */,
			);
		};
/* End PBXProject section */

/* Begin PBXResourcesBuildPhase section */
		1EE4E4A0228F9DF0009EDDFA /* Resources */ = {
			isa = PBXResourcesBuildPhase;
			buildActionMask = 2147483647;
			files = (
				1EE4E4B0228F9DF2009EDDFA /* LaunchScreen.storyboard in Resources */,
				1EE4E4AD228F9DF2009EDDFA /* Assets.xcassets in Resources */,
				1EE4E4BE228FA5EE009EDDFA /* ColorAssets.xcassets in Resources */,
				1EE4E4AB228F9DF0009EDDFA /* Main.storyboard in Resources */,
			);
			runOnlyForDeploymentPostprocessing = 0;
		};
/* End PBXResourcesBuildPhase section */

/* Begin PBXShellScriptBuildPhase section */
		1EE4E4BC228FA58F009EDDFA /* Run Script */ = {
			isa = PBXShellScriptBuildPhase;
			buildActionMask = 2147483647;
			files = (
			);
			inputFileListPaths = (
			);
			inputPaths = (
			);
			name = "Run Script";
			outputFileListPaths = (
			);
			outputPaths = (
			);
			runOnlyForDeploymentPostprocessing = 0;
			shellPath = /bin/sh;
			shellScript = "# Type a script or drag a script file from your workspace to insert its path.\n\"${PODS_ROOT}/SwiftGen/bin/swiftgen\";\n\"${PODS_ROOT}/SwiftLint/swiftlint\" autocorrect;\n\"${PODS_ROOT}/SwiftLint/swiftlint\";\n";
		};
		6065641CABA91EE0CAD4D1A3 /* [CP] Embed Pods Frameworks */ = {
			isa = PBXShellScriptBuildPhase;
			buildActionMask = 2147483647;
			files = (
			);
			inputFileListPaths = (
			);
			inputPaths = (
				"${PODS_ROOT}/Target Support Files/Pods-TheDemo/Pods-TheDemo-frameworks.sh",
				"${BUILT_PRODUCTS_DIR}/Alamofire/Alamofire.framework",
				"${BUILT_PRODUCTS_DIR}/Kingfisher/Kingfisher.framework",
			);
			name = "[CP] Embed Pods Frameworks";
			outputFileListPaths = (
			);
			outputPaths = (
				"${TARGET_BUILD_DIR}/${FRAMEWORKS_FOLDER_PATH}/Alamofire.framework",
				"${TARGET_BUILD_DIR}/${FRAMEWORKS_FOLDER_PATH}/Kingfisher.framework",
			);
			runOnlyForDeploymentPostprocessing = 0;
			shellPath = /bin/sh;
			shellScript = "\"${PODS_ROOT}/Target Support Files/Pods-TheDemo/Pods-TheDemo-frameworks.sh\"\n";
			showEnvVarsInLog = 0;
		};
		A5154CEBB4C579F90FC40A20 /* [CP] Check Pods Manifest.lock */ = {
			isa = PBXShellScriptBuildPhase;
			buildActionMask = 2147483647;
			files = (
			);
			inputFileListPaths = (
			);
			inputPaths = (
				"${PODS_PODFILE_DIR_PATH}/Podfile.lock",
				"${PODS_ROOT}/Manifest.lock",
			);
			name = "[CP] Check Pods Manifest.lock";
			outputFileListPaths = (
			);
			outputPaths = (
				"$(DERIVED_FILE_DIR)/Pods-TheDemo-checkManifestLockResult.txt",
			);
			runOnlyForDeploymentPostprocessing = 0;
			shellPath = /bin/sh;
			shellScript = "diff \"${PODS_PODFILE_DIR_PATH}/Podfile.lock\" \"${PODS_ROOT}/Manifest.lock\" > /dev/null\nif [ $? != 0 ] ; then\n    # print error to STDERR\n    echo \"error: The sandbox is not in sync with the Podfile.lock. Run 'pod install' or update your CocoaPods installation.\" >&2\n    exit 1\nfi\n# This output is used by Xcode 'outputs' to avoid re-running this script phase.\necho \"SUCCESS\" > \"${SCRIPT_OUTPUT_FILE_0}\"\n";
			showEnvVarsInLog = 0;
		};
/* End PBXShellScriptBuildPhase section */

/* Begin PBXSourcesBuildPhase section */
		1EE4E49E228F9DF0009EDDFA /* Sources */ = {
			isa = PBXSourcesBuildPhase;
			buildActionMask = 2147483647;
			files = (
				1EE4E4C3228FA610009EDDFA /* StoryboardSegues.swift in Sources */,
				1E1ED19E22918165000DBB06 /* Image.swift in Sources */,
				1E1ED19C2291815A000DBB06 /* Product.swift in Sources */,
				1EFAA62A2291739F00BC2C2F /* APIRouter.swift in Sources */,
				1EE4E4A8228F9DF0009EDDFA /* ProductsVC.swift in Sources */,
				1EE4E4C4228FA610009EDDFA /* Assets.swift in Sources */,
				1EE4E4A6228F9DF0009EDDFA /* AppDelegate.swift in Sources */,
				1EE4E4C5228FA610009EDDFA /* StoryboardScenes.swift in Sources */,
				1E1ED19A22917F73000DBB06 /* ProductResponse.swift in Sources */,
			);
			runOnlyForDeploymentPostprocessing = 0;
		};
/* End PBXSourcesBuildPhase section */

/* Begin PBXVariantGroup section */
		1EE4E4A9228F9DF0009EDDFA /* Main.storyboard */ = {
			isa = PBXVariantGroup;
			children = (
				1EE4E4AA228F9DF0009EDDFA /* Base */,
			);
			name = Main.storyboard;
			sourceTree = "<group>";
		};
		1EE4E4AE228F9DF2009EDDFA /* LaunchScreen.storyboard */ = {
			isa = PBXVariantGroup;
			children = (
				1EE4E4AF228F9DF2009EDDFA /* Base */,
			);
			name = LaunchScreen.storyboard;
			sourceTree = "<group>";
		};
/* End PBXVariantGroup section */

/* Begin XCBuildConfiguration section */
		1EE4E4B2228F9DF2009EDDFA /* Debug */ = {
			isa = XCBuildConfiguration;
			buildSettings = {
				ALWAYS_SEARCH_USER_PATHS = NO;
				CLANG_ANALYZER_NONNULL = YES;
				CLANG_ANALYZER_NUMBER_OBJECT_CONVERSION = YES_AGGRESSIVE;
				CLANG_CXX_LANGUAGE_STANDARD = "gnu++14";
				CLANG_CXX_LIBRARY = "libc++";
				CLANG_ENABLE_MODULES = YES;
				CLANG_ENABLE_OBJC_ARC = YES;
				CLANG_ENABLE_OBJC_WEAK = YES;
				CLANG_WARN_BLOCK_CAPTURE_AUTORELEASING = YES;
				CLANG_WARN_BOOL_CONVERSION = YES;
				CLANG_WARN_COMMA = YES;
				CLANG_WARN_CONSTANT_CONVERSION = YES;
				CLANG_WARN_DEPRECATED_OBJC_IMPLEMENTATIONS = YES;
				CLANG_WARN_DIRECT_OBJC_ISA_USAGE = YES_ERROR;
				CLANG_WARN_DOCUMENTATION_COMMENTS = YES;
				CLANG_WARN_EMPTY_BODY = YES;
				CLANG_WARN_ENUM_CONVERSION = YES;
				CLANG_WARN_INFINITE_RECURSION = YES;
				CLANG_WARN_INT_CONVERSION = YES;
				CLANG_WARN_NON_LITERAL_NULL_CONVERSION = YES;
				CLANG_WARN_OBJC_IMPLICIT_RETAIN_SELF = YES;
				CLANG_WARN_OBJC_LITERAL_CONVERSION = YES;
				CLANG_WARN_OBJC_ROOT_CLASS = YES_ERROR;
				CLANG_WARN_RANGE_LOOP_ANALYSIS = YES;
				CLANG_WARN_STRICT_PROTOTYPES = YES;
				CLANG_WARN_SUSPICIOUS_MOVE = YES;
				CLANG_WARN_UNGUARDED_AVAILABILITY = YES_AGGRESSIVE;
				CLANG_WARN_UNREACHABLE_CODE = YES;
				CLANG_WARN__DUPLICATE_METHOD_MATCH = YES;
				CODE_SIGN_IDENTITY = "iPhone Developer";
				COPY_PHASE_STRIP = NO;
				DEBUG_INFORMATION_FORMAT = dwarf;
				ENABLE_STRICT_OBJC_MSGSEND = YES;
				ENABLE_TESTABILITY = YES;
				GCC_C_LANGUAGE_STANDARD = gnu11;
				GCC_DYNAMIC_NO_PIC = NO;
				GCC_NO_COMMON_BLOCKS = YES;
				GCC_OPTIMIZATION_LEVEL = 0;
				GCC_PREPROCESSOR_DEFINITIONS = (
					"DEBUG=1",
					"$(inherited)",
				);
				GCC_WARN_64_TO_32_BIT_CONVERSION = YES;
				GCC_WARN_ABOUT_RETURN_TYPE = YES_ERROR;
				GCC_WARN_UNDECLARED_SELECTOR = YES;
				GCC_WARN_UNINITIALIZED_AUTOS = YES_AGGRESSIVE;
				GCC_WARN_UNUSED_FUNCTION = YES;
				GCC_WARN_UNUSED_VARIABLE = YES;
				IPHONEOS_DEPLOYMENT_TARGET = 12.2;
				MTL_ENABLE_DEBUG_INFO = INCLUDE_SOURCE;
				MTL_FAST_MATH = YES;
				ONLY_ACTIVE_ARCH = YES;
				SDKROOT = iphoneos;
				SWIFT_ACTIVE_COMPILATION_CONDITIONS = DEBUG;
				SWIFT_OPTIMIZATION_LEVEL = "-Onone";
			};
			name = Debug;
		};
		1EE4E4B3228F9DF2009EDDFA /* Release */ = {
			isa = XCBuildConfiguration;
			buildSettings = {
				ALWAYS_SEARCH_USER_PATHS = NO;
				CLANG_ANALYZER_NONNULL = YES;
				CLANG_ANALYZER_NUMBER_OBJECT_CONVERSION = YES_AGGRESSIVE;
				CLANG_CXX_LANGUAGE_STANDARD = "gnu++14";
				CLANG_CXX_LIBRARY = "libc++";
				CLANG_ENABLE_MODULES = YES;
				CLANG_ENABLE_OBJC_ARC = YES;
				CLANG_ENABLE_OBJC_WEAK = YES;
				CLANG_WARN_BLOCK_CAPTURE_AUTORELEASING = YES;
				CLANG_WARN_BOOL_CONVERSION = YES;
				CLANG_WARN_COMMA = YES;
				CLANG_WARN_CONSTANT_CONVERSION = YES;
				CLANG_WARN_DEPRECATED_OBJC_IMPLEMENTATIONS = YES;
				CLANG_WARN_DIRECT_OBJC_ISA_USAGE = YES_ERROR;
				CLANG_WARN_DOCUMENTATION_COMMENTS = YES;
				CLANG_WARN_EMPTY_BODY = YES;
				CLANG_WARN_ENUM_CONVERSION = YES;
				CLANG_WARN_INFINITE_RECURSION = YES;
				CLANG_WARN_INT_CONVERSION = YES;
				CLANG_WARN_NON_LITERAL_NULL_CONVERSION = YES;
				CLANG_WARN_OBJC_IMPLICIT_RETAIN_SELF = YES;
				CLANG_WARN_OBJC_LITERAL_CONVERSION = YES;
				CLANG_WARN_OBJC_ROOT_CLASS = YES_ERROR;
				CLANG_WARN_RANGE_LOOP_ANALYSIS = YES;
				CLANG_WARN_STRICT_PROTOTYPES = YES;
				CLANG_WARN_SUSPICIOUS_MOVE = YES;
				CLANG_WARN_UNGUARDED_AVAILABILITY = YES_AGGRESSIVE;
				CLANG_WARN_UNREACHABLE_CODE = YES;
				CLANG_WARN__DUPLICATE_METHOD_MATCH = YES;
				CODE_SIGN_IDENTITY = "iPhone Developer";
				COPY_PHASE_STRIP = NO;
				DEBUG_INFORMATION_FORMAT = "dwarf-with-dsym";
				ENABLE_NS_ASSERTIONS = NO;
				ENABLE_STRICT_OBJC_MSGSEND = YES;
				GCC_C_LANGUAGE_STANDARD = gnu11;
				GCC_NO_COMMON_BLOCKS = YES;
				GCC_WARN_64_TO_32_BIT_CONVERSION = YES;
				GCC_WARN_ABOUT_RETURN_TYPE = YES_ERROR;
				GCC_WARN_UNDECLARED_SELECTOR = YES;
				GCC_WARN_UNINITIALIZED_AUTOS = YES_AGGRESSIVE;
				GCC_WARN_UNUSED_FUNCTION = YES;
				GCC_WARN_UNUSED_VARIABLE = YES;
				IPHONEOS_DEPLOYMENT_TARGET = 12.2;
				MTL_ENABLE_DEBUG_INFO = NO;
				MTL_FAST_MATH = YES;
				SDKROOT = iphoneos;
				SWIFT_COMPILATION_MODE = wholemodule;
				SWIFT_OPTIMIZATION_LEVEL = "-O";
				VALIDATE_PRODUCT = YES;
			};
			name = Release;
		};
		1EE4E4B5228F9DF2009EDDFA /* Debug */ = {
			isa = XCBuildConfiguration;
			baseConfigurationReference = F03EE36A0D46001BC642B347 /* Pods-TheDemo.debug.xcconfig */;
			buildSettings = {
				ASSETCATALOG_COMPILER_APPICON_NAME = AppIcon;
				CODE_SIGN_STYLE = Automatic;
				DEVELOPMENT_TEAM = J58H58LN5G;
				INFOPLIST_FILE = TheDemo/Info.plist;
				IPHONEOS_DEPLOYMENT_TARGET = 11.0;
				LD_RUNPATH_SEARCH_PATHS = (
					"$(inherited)",
					"@executable_path/Frameworks",
				);
				PRODUCT_BUNDLE_IDENTIFIER = com.TheD.TheDemo;
				PRODUCT_NAME = "$(TARGET_NAME)";
				SWIFT_VERSION = 5.0;
				TARGETED_DEVICE_FAMILY = "1,2";
			};
			name = Debug;
		};
		1EE4E4B6228F9DF2009EDDFA /* Release */ = {
			isa = XCBuildConfiguration;
			baseConfigurationReference = 493B65714D9A86A3D5E3795F /* Pods-TheDemo.release.xcconfig */;
			buildSettings = {
				ASSETCATALOG_COMPILER_APPICON_NAME = AppIcon;
				CODE_SIGN_STYLE = Automatic;
				DEVELOPMENT_TEAM = J58H58LN5G;
				INFOPLIST_FILE = TheDemo/Info.plist;
				IPHONEOS_DEPLOYMENT_TARGET = 11.0;
				LD_RUNPATH_SEARCH_PATHS = (
					"$(inherited)",
					"@executable_path/Frameworks",
				);
				PRODUCT_BUNDLE_IDENTIFIER = com.TheD.TheDemo;
				PRODUCT_NAME = "$(TARGET_NAME)";
				SWIFT_VERSION = 5.0;
				TARGETED_DEVICE_FAMILY = "1,2";
			};
			name = Release;
		};
/* End XCBuildConfiguration section */

/* Begin XCConfigurationList section */
		1EE4E49D228F9DEF009EDDFA /* Build configuration list for PBXProject "TheDemo" */ = {
			isa = XCConfigurationList;
			buildConfigurations = (
				1EE4E4B2228F9DF2009EDDFA /* Debug */,
				1EE4E4B3228F9DF2009EDDFA /* Release */,
			);
			defaultConfigurationIsVisible = 0;
			defaultConfigurationName = Release;
		};
		1EE4E4B4228F9DF2009EDDFA /* Build configuration list for PBXNativeTarget "TheDemo" */ = {
			isa = XCConfigurationList;
			buildConfigurations = (
				1EE4E4B5228F9DF2009EDDFA /* Debug */,
				1EE4E4B6228F9DF2009EDDFA /* Release */,
			);
			defaultConfigurationIsVisible = 0;
			defaultConfigurationName = Release;
		};
/* End XCConfigurationList section */
	};
	rootObject = 1EE4E49A228F9DEF009EDDFA /* Project object */;
}
